
Microsoft Visual Studio Solution File, Format Version 12.00
# Visual Studio 15
Project("{FAE04EC0-301F-11D3-BF4B-00C04F79EFBC}") = "Assembly-CSharp", "Assembly-CSharp.csproj", "{96A4807F-E303-3643-78F4-4E5EAC7C511F}"
EndProject
Project("{FAE04EC0-301F-11D3-BF4B-00C04F79EFBC}") = "AstarPathfindingProject", "AstarPathfindingProject.csproj", "{93CD7ED6-F9BB-3567-0138-9D27C8773299}"
EndProject
Project("{FAE04EC0-301F-11D3-BF4B-00C04F79EFBC}") = "AstarPathfindingProjectEditor", "AstarPathfindingProjectEditor.csproj", "{9D06959F-8C2D-ED91-1F25-0488BCC6BEF0}"
EndProject
Project("{FAE04EC0-301F-11D3-BF4B-00C04F79EFBC}") = "PackageToolsEditor", "PackageToolsEditor.csproj", "{A8BAFB3D-E8FA-DF85-BA84-A4129F8F600A}"
EndProject
Project("{FAE04EC0-301F-11D3-BF4B-00C04F79EFBC}") = "Assembly-CSharp-Editor", "Assembly-CSharp-Editor.csproj", "{ADEA0776-8F62-A687-2E92-8071E338653B}"
EndProject
Global
	GlobalSection(SolutionConfigurationPlatforms) = preSolution
		Debug|Any CPU = Debug|Any CPU
		Release|Any CPU = Release|Any CPU
	EndGlobalSection
	GlobalSection(ProjectConfigurationPlatforms) = postSolution
		{96A4807F-E303-3643-78F4-4E5EAC7C511F}.Debug|Any CPU.ActiveCfg = Debug|Any CPU
		{96A4807F-E303-3643-78F4-4E5EAC7C511F}.Debug|Any CPU.Build.0 = Debug|Any CPU
		{96A4807F-E303-3643-78F4-4E5EAC7C511F}.Release|Any CPU.ActiveCfg = Release|Any CPU
		{96A4807F-E303-3643-78F4-4E5EAC7C511F}.Release|Any CPU.Build.0 = Release|Any CPU
		{93CD7ED6-F9BB-3567-0138-9D27C8773299}.Debug|Any CPU.ActiveCfg = Debug|Any CPU
		{93CD7ED6-F9BB-3567-0138-9D27C8773299}.Debug|Any CPU.Build.0 = Debug|Any CPU
		{93CD7ED6-F9BB-3567-0138-9D27C8773299}.Release|Any CPU.ActiveCfg = Release|Any CPU
		{93CD7ED6-F9BB-3567-0138-9D27C8773299}.Release|Any CPU.Build.0 = Release|Any CPU
		{9D06959F-8C2D-ED91-1F25-0488BCC6BEF0}.Debug|Any CPU.ActiveCfg = Debug|Any CPU
		{9D06959F-8C2D-ED91-1F25-0488BCC6BEF0}.Debug|Any CPU.Build.0 = Debug|Any CPU
		{9D06959F-8C2D-ED91-1F25-0488BCC6BEF0}.Release|Any CPU.ActiveCfg = Release|Any CPU
		{9D06959F-8C2D-ED91-1F25-0488BCC6BEF0}.Release|Any CPU.Build.0 = Release|Any CPU
		{A8BAFB3D-E8FA-DF85-BA84-A4129F8F600A}.Debug|Any CPU.ActiveCfg = Debug|Any CPU
		{A8BAFB3D-E8FA-DF85-BA84-A4129F8F600A}.Debug|Any CPU.Build.0 = Debug|Any CPU
		{A8BAFB3D-E8FA-DF85-BA84-A4129F8F600A}.Release|Any CPU.ActiveCfg = Release|Any CPU
		{A8BAFB3D-E8FA-DF85-BA84-A4129F8F600A}.Release|Any CPU.Build.0 = Release|Any CPU
		{ADEA0776-8F62-A687-2E92-8071E338653B}.Debug|Any CPU.ActiveCfg = Debug|Any CPU
		{ADEA0776-8F62-A687-2E92-8071E338653B}.Debug|Any CPU.Build.0 = Debug|Any CPU
		{ADEA0776-8F62-A687-2E92-8071E338653B}.Release|Any CPU.ActiveCfg = Release|Any CPU
		{ADEA0776-8F62-A687-2E92-8071E338653B}.Release|Any CPU.Build.0 = Release|Any CPU
	EndGlobalSection
	GlobalSection(SolutionProperties) = preSolution
		HideSolutionNode = FALSE
	EndGlobalSection
EndGlobal
